
Microsoft Visual Studio Solution File, Format Version 12.00
# Visual Studio Version 16
VisualStudioVersion = 25.0.1705.1
MinimumVisualStudioVersion = 10.0.40219.1
Project("{FAE04EC0-301F-11D3-BF4B-00C04F79EFBC}") = "CMS-AOPC", "CMS-AOPC.csproj", "{912D874B-8833-42F4-B175-8A85DB7F971B}"
EndProject
Global
	GlobalSection(SolutionConfigurationPlatforms) = preSolution
		Debug|Any CPU = Debug|Any CPU
		Release|Any CPU = Release|Any CPU
	EndGlobalSection
	GlobalSection(ProjectConfigurationPlatforms) = postSolution
		{912D874B-8833-42F4-B175-8A85DB7F971B}.Debug|Any CPU.ActiveCfg = Debug|Any CPU
		{912D874B-8833-42F4-B175-8A85DB7F971B}.Debug|Any CPU.Build.0 = Debug|Any CPU
		{912D874B-8833-42F4-B175-8A85DB7F971B}.Release|Any CPU.ActiveCfg = Release|Any CPU
		{912D874B-8833-42F4-B175-8A85DB7F971B}.Release|Any CPU.Build.0 = Release|Any CPU
	EndGlobalSection
	GlobalSection(SolutionProperties) = preSolution
		HideSolutionNode = FALSE
	EndGlobalSection
	GlobalSection(ExtensibilityGlobals) = postSolution
		SolutionGuid = {F34FA1E0-0E50-4527-8914-B2FC41631D58}
	EndGlobalSection
EndGlobal
